// !$*UTF8*$!
{
	archiveVersion = 1;
	classes = {
	};
	objectVersion = 56;
	objects = {

/* Begin PBXBuildFile section */
		E421DC0C2B9F4CC50021EFBA /* TitleTableViewCell.swift in Sources */ = {isa = PBXBuildFile; fileRef = E421DC0B2B9F4CC50021EFBA /* TitleTableViewCell.swift */; };
		E421DC0E2B9F51C10021EFBA /* TitleViewModel.swift in Sources */ = {isa = PBXBuildFile; fileRef = E421DC0D2B9F51C10021EFBA /* TitleViewModel.swift */; };
		E495120F2B98E17600C0C8FD /* APICaller.swift in Sources */ = {isa = PBXBuildFile; fileRef = E495120E2B98E17600C0C8FD /* APICaller.swift */; };
		E49512112B98F47200C0C8FD /* Title.swift in Sources */ = {isa = PBXBuildFile; fileRef = E49512102B98F47200C0C8FD /* Title.swift */; };
		E49512132B98FC2200C0C8FD /* Extensions.swift in Sources */ = {isa = PBXBuildFile; fileRef = E49512122B98FC2200C0C8FD /* Extensions.swift */; };
		E49512172B9905E500C0C8FD /* TitleCollectionViewCell.swift in Sources */ = {isa = PBXBuildFile; fileRef = E49512162B9905E500C0C8FD /* TitleCollectionViewCell.swift */; };
		E495121A2B99074400C0C8FD /* SDWebImage in Frameworks */ = {isa = PBXBuildFile; productRef = E49512192B99074400C0C8FD /* SDWebImage */; };
		E495121C2B99074400C0C8FD /* SDWebImageMapKit in Frameworks */ = {isa = PBXBuildFile; productRef = E495121B2B99074400C0C8FD /* SDWebImageMapKit */; };
		E4968B642B978C0A0002452F /* HeroHeaderUIView.swift in Sources */ = {isa = PBXBuildFile; fileRef = E4968B632B978C0A0002452F /* HeroHeaderUIView.swift */; };
		E4B740D42B94A539005EA5E8 /* AppDelegate.swift in Sources */ = {isa = PBXBuildFile; fileRef = E4B740D32B94A539005EA5E8 /* AppDelegate.swift */; };
		E4B740D62B94A539005EA5E8 /* SceneDelegate.swift in Sources */ = {isa = PBXBuildFile; fileRef = E4B740D52B94A539005EA5E8 /* SceneDelegate.swift */; };
		E4B740D82B94A539005EA5E8 /* MainTabBarViewController.swift in Sources */ = {isa = PBXBuildFile; fileRef = E4B740D72B94A539005EA5E8 /* MainTabBarViewController.swift */; };
		E4B740DD2B94A53A005EA5E8 /* Assets.xcassets in Resources */ = {isa = PBXBuildFile; fileRef = E4B740DC2B94A53A005EA5E8 /* Assets.xcassets */; };
		E4B740E02B94A53A005EA5E8 /* LaunchScreen.storyboard in Resources */ = {isa = PBXBuildFile; fileRef = E4B740DE2B94A53A005EA5E8 /* LaunchScreen.storyboard */; };
		E4B740E92B94A826005EA5E8 /* HomeViewController.swift in Sources */ = {isa = PBXBuildFile; fileRef = E4B740E82B94A826005EA5E8 /* HomeViewController.swift */; };
		E4B740EB2B94A84B005EA5E8 /* UpcomingViewController.swift in Sources */ = {isa = PBXBuildFile; fileRef = E4B740EA2B94A84B005EA5E8 /* UpcomingViewController.swift */; };
		E4B740ED2B94A869005EA5E8 /* SearchViewController.swift in Sources */ = {isa = PBXBuildFile; fileRef = E4B740EC2B94A869005EA5E8 /* SearchViewController.swift */; };
		E4B740EF2B94A8A9005EA5E8 /* DownloadsViewController.swift in Sources */ = {isa = PBXBuildFile; fileRef = E4B740EE2B94A8A9005EA5E8 /* DownloadsViewController.swift */; };
		E4B740F62B951EA8005EA5E8 /* CollectionViewTableViewCell.swift in Sources */ = {isa = PBXBuildFile; fileRef = E4B740F52B951EA8005EA5E8 /* CollectionViewTableViewCell.swift */; };
/* End PBXBuildFile section */

/* Begin PBXFileReference section */
		E421DC0B2B9F4CC50021EFBA /* TitleTableViewCell.swift */ = {isa = PBXFileReference; lastKnownFileType = sourcecode.swift; path = TitleTableViewCell.swift; sourceTree = "<group>"; };
		E421DC0D2B9F51C10021EFBA /* TitleViewModel.swift */ = {isa = PBXFileReference; lastKnownFileType = sourcecode.swift; path = TitleViewModel.swift; sourceTree = "<group>"; };
		E495120E2B98E17600C0C8FD /* APICaller.swift */ = {isa = PBXFileReference; lastKnownFileType = sourcecode.swift; path = APICaller.swift; sourceTree = "<group>"; };
		E49512102B98F47200C0C8FD /* Title.swift */ = {isa = PBXFileReference; lastKnownFileType = sourcecode.swift; path = Title.swift; sourceTree = "<group>"; };
		E49512122B98FC2200C0C8FD /* Extensions.swift */ = {isa = PBXFileReference; lastKnownFileType = sourcecode.swift; path = Extensions.swift; sourceTree = "<group>"; };
		E49512162B9905E500C0C8FD /* TitleCollectionViewCell.swift */ = {isa = PBXFileReference; lastKnownFileType = sourcecode.swift; path = TitleCollectionViewCell.swift; sourceTree = "<group>"; };
		E4968B632B978C0A0002452F /* HeroHeaderUIView.swift */ = {isa = PBXFileReference; lastKnownFileType = sourcecode.swift; path = HeroHeaderUIView.swift; sourceTree = "<group>"; };
		E4B740D02B94A539005EA5E8 /* NetflixClone.app */ = {isa = PBXFileReference; explicitFileType = wrapper.application; includeInIndex = 0; path = NetflixClone.app; sourceTree = BUILT_PRODUCTS_DIR; };
		E4B740D32B94A539005EA5E8 /* AppDelegate.swift */ = {isa = PBXFileReference; lastKnownFileType = sourcecode.swift; path = AppDelegate.swift; sourceTree = "<group>"; };
		E4B740D52B94A539005EA5E8 /* SceneDelegate.swift */ = {isa = PBXFileReference; lastKnownFileType = sourcecode.swift; path = SceneDelegate.swift; sourceTree = "<group>"; };
		E4B740D72B94A539005EA5E8 /* MainTabBarViewController.swift */ = {isa = PBXFileReference; lastKnownFileType = sourcecode.swift; path = MainTabBarViewController.swift; sourceTree = "<group>"; };
		E4B740DC2B94A53A005EA5E8 /* Assets.xcassets */ = {isa = PBXFileReference; lastKnownFileType = folder.assetcatalog; path = Assets.xcassets; sourceTree = "<group>"; };
		E4B740DF2B94A53A005EA5E8 /* Base */ = {isa = PBXFileReference; lastKnownFileType = file.storyboard; name = Base; path = Base.lproj/LaunchScreen.storyboard; sourceTree = "<group>"; };
		E4B740E12B94A53A005EA5E8 /* Info.plist */ = {isa = PBXFileReference; lastKnownFileType = text.plist.xml; path = Info.plist; sourceTree = "<group>"; };
		E4B740E82B94A826005EA5E8 /* HomeViewController.swift */ = {isa = PBXFileReference; lastKnownFileType = sourcecode.swift; path = HomeViewController.swift; sourceTree = "<group>"; };
		E4B740EA2B94A84B005EA5E8 /* UpcomingViewController.swift */ = {isa = PBXFileReference; lastKnownFileType = sourcecode.swift; path = UpcomingViewController.swift; sourceTree = "<group>"; };
		E4B740EC2B94A869005EA5E8 /* SearchViewController.swift */ = {isa = PBXFileReference; lastKnownFileType = sourcecode.swift; path = SearchViewController.swift; sourceTree = "<group>"; };
		E4B740EE2B94A8A9005EA5E8 /* DownloadsViewController.swift */ = {isa = PBXFileReference; lastKnownFileType = sourcecode.swift; path = DownloadsViewController.swift; sourceTree = "<group>"; };
		E4B740F52B951EA8005EA5E8 /* CollectionViewTableViewCell.swift */ = {isa = PBXFileReference; lastKnownFileType = sourcecode.swift; path = CollectionViewTableViewCell.swift; sourceTree = "<group>"; };
/* End PBXFileReference section */

/* Begin PBXFrameworksBuildPhase section */
		E4B740CD2B94A539005EA5E8 /* Frameworks */ = {
			isa = PBXFrameworksBuildPhase;
			buildActionMask = 2147483647;
			files = (
				E495121C2B99074400C0C8FD /* SDWebImageMapKit in Frameworks */,
				E495121A2B99074400C0C8FD /* SDWebImage in Frameworks */,
			);
			runOnlyForDeploymentPostprocessing = 0;
		};
/* End PBXFrameworksBuildPhase section */

/* Begin PBXGroup section */
		E4B740C72B94A539005EA5E8 = {
			isa = PBXGroup;
			children = (
				E4B740D22B94A539005EA5E8 /* NetflixClone */,
				E4B740D12B94A539005EA5E8 /* Products */,
			);
			sourceTree = "<group>";
		};
		E4B740D12B94A539005EA5E8 /* Products */ = {
			isa = PBXGroup;
			children = (
				E4B740D02B94A539005EA5E8 /* NetflixClone.app */,
			);
			name = Products;
			sourceTree = "<group>";
		};
		E4B740D22B94A539005EA5E8 /* NetflixClone */ = {
			isa = PBXGroup;
			children = (
				E4B740F42B951E69005EA5E8 /* Managers */,
				E4B740F32B951E5C005EA5E8 /* Resources */,
				E4B740F22B951E2E005EA5E8 /* Models */,
				E4B740F02B951E1B005EA5E8 /* Views */,
				E4B740F12B951E26005EA5E8 /* ViewModels */,
				E4B740E72B94A813005EA5E8 /* Controllers */,
				E4B740D72B94A539005EA5E8 /* MainTabBarViewController.swift */,
				E4B740D32B94A539005EA5E8 /* AppDelegate.swift */,
				E4B740D52B94A539005EA5E8 /* SceneDelegate.swift */,
				E4B740DC2B94A53A005EA5E8 /* Assets.xcassets */,
				E4B740DE2B94A53A005EA5E8 /* LaunchScreen.storyboard */,
				E4B740E12B94A53A005EA5E8 /* Info.plist */,
			);
			path = NetflixClone;
			sourceTree = "<group>";
		};
		E4B740E72B94A813005EA5E8 /* Controllers */ = {
			isa = PBXGroup;
			children = (
				E4B740E82B94A826005EA5E8 /* HomeViewController.swift */,
				E4B740EA2B94A84B005EA5E8 /* UpcomingViewController.swift */,
				E4B740EC2B94A869005EA5E8 /* SearchViewController.swift */,
				E4B740EE2B94A8A9005EA5E8 /* DownloadsViewController.swift */,
			);
			path = Controllers;
			sourceTree = "<group>";
		};
		E4B740F02B951E1B005EA5E8 /* Views */ = {
			isa = PBXGroup;
			children = (
				E4B740F52B951EA8005EA5E8 /* CollectionViewTableViewCell.swift */,
				E4968B632B978C0A0002452F /* HeroHeaderUIView.swift */,
				E49512162B9905E500C0C8FD /* TitleCollectionViewCell.swift */,
				E421DC0B2B9F4CC50021EFBA /* TitleTableViewCell.swift */,
			);
			path = Views;
			sourceTree = "<group>";
		};
		E4B740F12B951E26005EA5E8 /* ViewModels */ = {
			isa = PBXGroup;
			children = (
				E421DC0D2B9F51C10021EFBA /* TitleViewModel.swift */,
			);
			path = ViewModels;
			sourceTree = "<group>";
		};
		E4B740F22B951E2E005EA5E8 /* Models */ = {
			isa = PBXGroup;
			children = (
				E49512102B98F47200C0C8FD /* Title.swift */,
			);
			path = Models;
			sourceTree = "<group>";
		};
		E4B740F32B951E5C005EA5E8 /* Resources */ = {
			isa = PBXGroup;
			children = (
				E49512122B98FC2200C0C8FD /* Extensions.swift */,
			);
			path = Resources;
			sourceTree = "<group>";
		};
		E4B740F42B951E69005EA5E8 /* Managers */ = {
			isa = PBXGroup;
			children = (
				E495120E2B98E17600C0C8FD /* APICaller.swift */,
			);
			path = Managers;
			sourceTree = "<group>";
		};
/* End PBXGroup section */

/* Begin PBXNativeTarget section */
		E4B740CF2B94A539005EA5E8 /* NetflixClone */ = {
			isa = PBXNativeTarget;
			buildConfigurationList = E4B740E42B94A53A005EA5E8 /* Build configuration list for PBXNativeTarget "NetflixClone" */;
			buildPhases = (
				E4B740CC2B94A539005EA5E8 /* Sources */,
				E4B740CD2B94A539005EA5E8 /* Frameworks */,
				E4B740CE2B94A539005EA5E8 /* Resources */,
			);
			buildRules = (
			);
			dependencies = (
			);
			name = NetflixClone;
			packageProductDependencies = (
				E49512192B99074400C0C8FD /* SDWebImage */,
				E495121B2B99074400C0C8FD /* SDWebImageMapKit */,
			);
			productName = NetflixClone;
			productReference = E4B740D02B94A539005EA5E8 /* NetflixClone.app */;
			productType = "com.apple.product-type.application";
		};
/* End PBXNativeTarget section */

/* Begin PBXProject section */
		E4B740C82B94A539005EA5E8 /* Project object */ = {
			isa = PBXProject;
			attributes = {
				BuildIndependentTargetsInParallel = 1;
				LastSwiftUpdateCheck = 1430;
				LastUpgradeCheck = 1430;
				TargetAttributes = {
					E4B740CF2B94A539005EA5E8 = {
						CreatedOnToolsVersion = 14.3.1;
					};
				};
			};
			buildConfigurationList = E4B740CB2B94A539005EA5E8 /* Build configuration list for PBXProject "NetflixClone" */;
			compatibilityVersion = "Xcode 14.0";
			developmentRegion = en;
			hasScannedForEncodings = 0;
			knownRegions = (
				en,
				Base,
			);
			mainGroup = E4B740C72B94A539005EA5E8;
			packageReferences = (
				E49512182B99074400C0C8FD /* XCRemoteSwiftPackageReference "SDWebImage" */,
			);
			productRefGroup = E4B740D12B94A539005EA5E8 /* Products */;
			projectDirPath = "";
			projectRoot = "";
			targets = (
				E4B740CF2B94A539005EA5E8 /* NetflixClone */,
			);
		};
/* End PBXProject section */

/* Begin PBXResourcesBuildPhase section */
		E4B740CE2B94A539005EA5E8 /* Resources */ = {
			isa = PBXResourcesBuildPhase;
			buildActionMask = 2147483647;
			files = (
				E4B740E02B94A53A005EA5E8 /* LaunchScreen.storyboard in Resources */,
				E4B740DD2B94A53A005EA5E8 /* Assets.xcassets in Resources */,
			);
			runOnlyForDeploymentPostprocessing = 0;
		};
/* End PBXResourcesBuildPhase section */

/* Begin PBXSourcesBuildPhase section */
		E4B740CC2B94A539005EA5E8 /* Sources */ = {
			isa = PBXSourcesBuildPhase;
			buildActionMask = 2147483647;
			files = (
				E421DC0C2B9F4CC50021EFBA /* TitleTableViewCell.swift in Sources */,
				E4B740ED2B94A869005EA5E8 /* SearchViewController.swift in Sources */,
				E49512172B9905E500C0C8FD /* TitleCollectionViewCell.swift in Sources */,
				E4B740D82B94A539005EA5E8 /* MainTabBarViewController.swift in Sources */,
				E4B740F62B951EA8005EA5E8 /* CollectionViewTableViewCell.swift in Sources */,
				E495120F2B98E17600C0C8FD /* APICaller.swift in Sources */,
				E4968B642B978C0A0002452F /* HeroHeaderUIView.swift in Sources */,
				E4B740EF2B94A8A9005EA5E8 /* DownloadsViewController.swift in Sources */,
				E4B740D42B94A539005EA5E8 /* AppDelegate.swift in Sources */,
				E49512132B98FC2200C0C8FD /* Extensions.swift in Sources */,
				E4B740D62B94A539005EA5E8 /* SceneDelegate.swift in Sources */,
				E4B740EB2B94A84B005EA5E8 /* UpcomingViewController.swift in Sources */,
				E49512112B98F47200C0C8FD /* Title.swift in Sources */,
				E4B740E92B94A826005EA5E8 /* HomeViewController.swift in Sources */,
				E421DC0E2B9F51C10021EFBA /* TitleViewModel.swift in Sources */,
			);
			runOnlyForDeploymentPostprocessing = 0;
		};
/* End PBXSourcesBuildPhase section */

/* Begin PBXVariantGroup section */
		E4B740DE2B94A53A005EA5E8 /* LaunchScreen.storyboard */ = {
			isa = PBXVariantGroup;
			children = (
				E4B740DF2B94A53A005EA5E8 /* Base */,
			);
			name = LaunchScreen.storyboard;
			sourceTree = "<group>";
		};
/* End PBXVariantGroup section */

/* Begin XCBuildConfiguration section */
		E4B740E22B94A53A005EA5E8 /* Debug */ = {
			isa = XCBuildConfiguration;
			buildSettings = {
				ALWAYS_SEARCH_USER_PATHS = NO;
				CLANG_ANALYZER_NONNULL = YES;
				CLANG_ANALYZER_NUMBER_OBJECT_CONVERSION = YES_AGGRESSIVE;
				CLANG_CXX_LANGUAGE_STANDARD = "gnu++20";
				CLANG_ENABLE_MODULES = YES;
				CLANG_ENABLE_OBJC_ARC = YES;
				CLANG_ENABLE_OBJC_WEAK = YES;
				CLANG_WARN_BLOCK_CAPTURE_AUTORELEASING = YES;
				CLANG_WARN_BOOL_CONVERSION = YES;
				CLANG_WARN_COMMA = YES;
				CLANG_WARN_CONSTANT_CONVERSION = YES;
				CLANG_WARN_DEPRECATED_OBJC_IMPLEMENTATIONS = YES;
				CLANG_WARN_DIRECT_OBJC_ISA_USAGE = YES_ERROR;
				CLANG_WARN_DOCUMENTATION_COMMENTS = YES;
				CLANG_WARN_EMPTY_BODY = YES;
				CLANG_WARN_ENUM_CONVERSION = YES;
				CLANG_WARN_INFINITE_RECURSION = YES;
				CLANG_WARN_INT_CONVERSION = YES;
				CLANG_WARN_NON_LITERAL_NULL_CONVERSION = YES;
				CLANG_WARN_OBJC_IMPLICIT_RETAIN_SELF = YES;
				CLANG_WARN_OBJC_LITERAL_CONVERSION = YES;
				CLANG_WARN_OBJC_ROOT_CLASS = YES_ERROR;
				CLANG_WARN_QUOTED_INCLUDE_IN_FRAMEWORK_HEADER = YES;
				CLANG_WARN_RANGE_LOOP_ANALYSIS = YES;
				CLANG_WARN_STRICT_PROTOTYPES = YES;
				CLANG_WARN_SUSPICIOUS_MOVE = YES;
				CLANG_WARN_UNGUARDED_AVAILABILITY = YES_AGGRESSIVE;
				CLANG_WARN_UNREACHABLE_CODE = YES;
				CLANG_WARN__DUPLICATE_METHOD_MATCH = YES;
				COPY_PHASE_STRIP = NO;
				DEBUG_INFORMATION_FORMAT = dwarf;
				ENABLE_STRICT_OBJC_MSGSEND = YES;
				ENABLE_TESTABILITY = YES;
				GCC_C_LANGUAGE_STANDARD = gnu11;
				GCC_DYNAMIC_NO_PIC = NO;
				GCC_NO_COMMON_BLOCKS = YES;
				GCC_OPTIMIZATION_LEVEL = 0;
				GCC_PREPROCESSOR_DEFINITIONS = (
					"DEBUG=1",
					"$(inherited)",
				);
				GCC_WARN_64_TO_32_BIT_CONVERSION = YES;
				GCC_WARN_ABOUT_RETURN_TYPE = YES_ERROR;
				GCC_WARN_UNDECLARED_SELECTOR = YES;
				GCC_WARN_UNINITIALIZED_AUTOS = YES_AGGRESSIVE;
				GCC_WARN_UNUSED_FUNCTION = YES;
				GCC_WARN_UNUSED_VARIABLE = YES;
				IPHONEOS_DEPLOYMENT_TARGET = 16.4;
				MTL_ENABLE_DEBUG_INFO = INCLUDE_SOURCE;
				MTL_FAST_MATH = YES;
				ONLY_ACTIVE_ARCH = YES;
				SDKROOT = iphoneos;
				SWIFT_ACTIVE_COMPILATION_CONDITIONS = DEBUG;
				SWIFT_OPTIMIZATION_LEVEL = "-Onone";
			};
			name = Debug;
		};
		E4B740E32B94A53A005EA5E8 /* Release */ = {
			isa = XCBuildConfiguration;
			buildSettings = {
				ALWAYS_SEARCH_USER_PATHS = NO;
				CLANG_ANALYZER_NONNULL = YES;
				CLANG_ANALYZER_NUMBER_OBJECT_CONVERSION = YES_AGGRESSIVE;
				CLANG_CXX_LANGUAGE_STANDARD = "gnu++20";
				CLANG_ENABLE_MODULES = YES;
				CLANG_ENABLE_OBJC_ARC = YES;
				CLANG_ENABLE_OBJC_WEAK = YES;
				CLANG_WARN_BLOCK_CAPTURE_AUTORELEASING = YES;
				CLANG_WARN_BOOL_CONVERSION = YES;
				CLANG_WARN_COMMA = YES;
				CLANG_WARN_CONSTANT_CONVERSION = YES;
				CLANG_WARN_DEPRECATED_OBJC_IMPLEMENTATIONS = YES;
				CLANG_WARN_DIRECT_OBJC_ISA_USAGE = YES_ERROR;
				CLANG_WARN_DOCUMENTATION_COMMENTS = YES;
				CLANG_WARN_EMPTY_BODY = YES;
				CLANG_WARN_ENUM_CONVERSION = YES;
				CLANG_WARN_INFINITE_RECURSION = YES;
				CLANG_WARN_INT_CONVERSION = YES;
				CLANG_WARN_NON_LITERAL_NULL_CONVERSION = YES;
				CLANG_WARN_OBJC_IMPLICIT_RETAIN_SELF = YES;
				CLANG_WARN_OBJC_LITERAL_CONVERSION = YES;
				CLANG_WARN_OBJC_ROOT_CLASS = YES_ERROR;
				CLANG_WARN_QUOTED_INCLUDE_IN_FRAMEWORK_HEADER = YES;
				CLANG_WARN_RANGE_LOOP_ANALYSIS = YES;
				CLANG_WARN_STRICT_PROTOTYPES = YES;
				CLANG_WARN_SUSPICIOUS_MOVE = YES;
				CLANG_WARN_UNGUARDED_AVAILABILITY = YES_AGGRESSIVE;
				CLANG_WARN_UNREACHABLE_CODE = YES;
				CLANG_WARN__DUPLICATE_METHOD_MATCH = YES;
				COPY_PHASE_STRIP = NO;
				DEBUG_INFORMATION_FORMAT = "dwarf-with-dsym";
				ENABLE_NS_ASSERTIONS = NO;
				ENABLE_STRICT_OBJC_MSGSEND = YES;
				GCC_C_LANGUAGE_STANDARD = gnu11;
				GCC_NO_COMMON_BLOCKS = YES;
				GCC_WARN_64_TO_32_BIT_CONVERSION = YES;
				GCC_WARN_ABOUT_RETURN_TYPE = YES_ERROR;
				GCC_WARN_UNDECLARED_SELECTOR = YES;
				GCC_WARN_UNINITIALIZED_AUTOS = YES_AGGRESSIVE;
				GCC_WARN_UNUSED_FUNCTION = YES;
				GCC_WARN_UNUSED_VARIABLE = YES;
				IPHONEOS_DEPLOYMENT_TARGET = 16.4;
				MTL_ENABLE_DEBUG_INFO = NO;
				MTL_FAST_MATH = YES;
				SDKROOT = iphoneos;
				SWIFT_COMPILATION_MODE = wholemodule;
				SWIFT_OPTIMIZATION_LEVEL = "-O";
				VALIDATE_PRODUCT = YES;
			};
			name = Release;
		};
		E4B740E52B94A53A005EA5E8 /* Debug */ = {
			isa = XCBuildConfiguration;
			buildSettings = {
				ASSETCATALOG_COMPILER_APPICON_NAME = AppIcon;
				ASSETCATALOG_COMPILER_GLOBAL_ACCENT_COLOR_NAME = AccentColor;
				CODE_SIGN_STYLE = Automatic;
				CURRENT_PROJECT_VERSION = 1;
				DEVELOPMENT_TEAM = 338U6KBSVH;
				GENERATE_INFOPLIST_FILE = YES;
				INFOPLIST_FILE = NetflixClone/Info.plist;
				INFOPLIST_KEY_UIApplicationSupportsIndirectInputEvents = YES;
				INFOPLIST_KEY_UILaunchStoryboardName = LaunchScreen;
				INFOPLIST_KEY_UISupportedInterfaceOrientations_iPad = "UIInterfaceOrientationPortrait UIInterfaceOrientationPortraitUpsideDown UIInterfaceOrientationLandscapeLeft UIInterfaceOrientationLandscapeRight";
				INFOPLIST_KEY_UISupportedInterfaceOrientations_iPhone = "UIInterfaceOrientationPortrait UIInterfaceOrientationLandscapeLeft UIInterfaceOrientationLandscapeRight";
				LD_RUNPATH_SEARCH_PATHS = (
					"$(inherited)",
					"@executable_path/Frameworks",
				);
				MARKETING_VERSION = 1.0;
				PRODUCT_BUNDLE_IDENTIFIER = com.sulekaptan.NetflixClone;
				PRODUCT_NAME = "$(TARGET_NAME)";
				SWIFT_EMIT_LOC_STRINGS = YES;
				SWIFT_VERSION = 5.0;
				TARGETED_DEVICE_FAMILY = "1,2";
			};
			name = Debug;
		};
		E4B740E62B94A53A005EA5E8 /* Release */ = {
			isa = XCBuildConfiguration;
			buildSettings = {
				ASSETCATALOG_COMPILER_APPICON_NAME = AppIcon;
				ASSETCATALOG_COMPILER_GLOBAL_ACCENT_COLOR_NAME = AccentColor;
				CODE_SIGN_STYLE = Automatic;
				CURRENT_PROJECT_VERSION = 1;
				DEVELOPMENT_TEAM = 338U6KBSVH;
				GENERATE_INFOPLIST_FILE = YES;
				INFOPLIST_FILE = NetflixClone/Info.plist;
				INFOPLIST_KEY_UIApplicationSupportsIndirectInputEvents = YES;
				INFOPLIST_KEY_UILaunchStoryboardName = LaunchScreen;
				INFOPLIST_KEY_UISupportedInterfaceOrientations_iPad = "UIInterfaceOrientationPortrait UIInterfaceOrientationPortraitUpsideDown UIInterfaceOrientationLandscapeLeft UIInterfaceOrientationLandscapeRight";
				INFOPLIST_KEY_UISupportedInterfaceOrientations_iPhone = "UIInterfaceOrientationPortrait UIInterfaceOrientationLandscapeLeft UIInterfaceOrientationLandscapeRight";
				LD_RUNPATH_SEARCH_PATHS = (
					"$(inherited)",
					"@executable_path/Frameworks",
				);
				MARKETING_VERSION = 1.0;
				PRODUCT_BUNDLE_IDENTIFIER = com.sulekaptan.NetflixClone;
				PRODUCT_NAME = "$(TARGET_NAME)";
				SWIFT_EMIT_LOC_STRINGS = YES;
				SWIFT_VERSION = 5.0;
				TARGETED_DEVICE_FAMILY = "1,2";
			};
			name = Release;
		};
/* End XCBuildConfiguration section */

/* Begin XCConfigurationList section */
		E4B740CB2B94A539005EA5E8 /* Build configuration list for PBXProject "NetflixClone" */ = {
			isa = XCConfigurationList;
			buildConfigurations = (
				E4B740E22B94A53A005EA5E8 /* Debug */,
				E4B740E32B94A53A005EA5E8 /* Release */,
			);
			defaultConfigurationIsVisible = 0;
			defaultConfigurationName = Release;
		};
		E4B740E42B94A53A005EA5E8 /* Build configuration list for PBXNativeTarget "NetflixClone" */ = {
			isa = XCConfigurationList;
			buildConfigurations = (
				E4B740E52B94A53A005EA5E8 /* Debug */,
				E4B740E62B94A53A005EA5E8 /* Release */,
			);
			defaultConfigurationIsVisible = 0;
			defaultConfigurationName = Release;
		};
/* End XCConfigurationList section */

/* Begin XCRemoteSwiftPackageReference section */
		E49512182B99074400C0C8FD /* XCRemoteSwiftPackageReference "SDWebImage" */ = {
			isa = XCRemoteSwiftPackageReference;
			repositoryURL = "https://github.com/SDWebImage/SDWebImage.git";
			requirement = {
				kind = upToNextMajorVersion;
				minimumVersion = 5.0.0;
			};
		};
/* End XCRemoteSwiftPackageReference section */

/* Begin XCSwiftPackageProductDependency section */
		E49512192B99074400C0C8FD /* SDWebImage */ = {
			isa = XCSwiftPackageProductDependency;
			package = E49512182B99074400C0C8FD /* XCRemoteSwiftPackageReference "SDWebImage" */;
			productName = SDWebImage;
		};
		E495121B2B99074400C0C8FD /* SDWebImageMapKit */ = {
			isa = XCSwiftPackageProductDependency;
			package = E49512182B99074400C0C8FD /* XCRemoteSwiftPackageReference "SDWebImage" */;
			productName = SDWebImageMapKit;
		};
/* End XCSwiftPackageProductDependency section */
	};
	rootObject = E4B740C82B94A539005EA5E8 /* Project object */;
}
